# This file was autogenerated by Stack.
# You should not edit this file by hand.
# For more information, please see the documentation at:
#   https://docs.haskellstack.org/en/stable/lock_files

packages:
- completed:
    hackage: beam-core-0.8.0.0@sha256:7514a7b9cc092d7e890adf2ad08c1ea3c66ea5900e263b32ff0c55c31e01bac0,5044
    pantry-tree:
      size: 2553
      sha256: c3520bd90aa71fe509740827acc5973a9dc47ed9a830f67e13e68b1893b763ba
  original:
    hackage: beam-core-0.8.0.0@sha256:7514a7b9cc092d7e890adf2ad08c1ea3c66ea5900e263b32ff0c55c31e01bac0,5044
- completed:
    hackage: beam-postgres-0.4.0.0@sha256:a01443ce503cfc58cbe28f476252672282347579444b65f2925a12ba6a2c13f5,4173
    pantry-tree:
      size: 1519
      sha256: 43e16080098e8f673005723a0ca208850c88dced527030341f919859a54cde91
  original:
    hackage: beam-postgres-0.4.0.0@sha256:a01443ce503cfc58cbe28f476252672282347579444b65f2925a12ba6a2c13f5,4173
- completed:
    hackage: beam-migrate-0.4.0.1@sha256:c53948a84972f67e97ba9c56f3dda9abfed556ba2f1672dc3070eb2512791efb,4920
    pantry-tree:
      size: 1720
      sha256: 7ab124f3ac3c74bf5b342d2ef73c9ef3c13ddd7b0804aea340423ceb1baf72a1
  original:
    hackage: beam-migrate-0.4.0.1@sha256:c53948a84972f67e97ba9c56f3dda9abfed556ba2f1672dc3070eb2512791efb,4920
- completed:
    hackage: hashable-1.2.7.0@sha256:03b6836ca9cd3ad0e5a2f3cce989b001dd0e05f306a873db3196037adb30e0a4,5215
    pantry-tree:
      size: 1514
      sha256: 901c4f10bcf6bda842b849950a2767c918f4ed59fa8885f7c945dd6c7e763332
  original:
    hackage: hashable-1.2.7.0@sha256:03b6836ca9cd3ad0e5a2f3cce989b001dd0e05f306a873db3196037adb30e0a4,5215
- completed:
    hackage: haskell-src-exts-1.21.1@sha256:11d18ec3f463185f81b7819376b532e3087f8192cffc629aac5c9eec88897b35,4541
    pantry-tree:
      size: 95170
      sha256: 487db8defe20a7c8bdf5b4a9a68ec616a4349bdb643f2dc7c9d71e1a6495c8c7
  original:
    hackage: haskell-src-exts-1.21.1@sha256:11d18ec3f463185f81b7819376b532e3087f8192cffc629aac5c9eec88897b35,4541
- completed:
    hackage: vector-sized-1.2.0.1@sha256:569160e163b6d85cd80ed3ae2f20a541ced210a721d12cb7eedcad395aefbb92,1670
    pantry-tree:
      size: 1138
      sha256: dab631ff9542ee31cfe77434e2bb4808238e554438706264063d4b7a558943fa
  original:
    hackage: vector-sized-1.2.0.1@sha256:569160e163b6d85cd80ed3ae2f20a541ced210a721d12cb7eedcad395aefbb92,1670
snapshots:
- completed:
    size: 524996
    url: https://raw.githubusercontent.com/commercialhaskell/stackage-snapshots/master/lts/14/27.yaml
    sha256: 7ea31a280c56bf36ff591a7397cc384d0dff622e7f9e4225b47d8980f019a0f0
  original: lts-14.27
